
Microsoft Visual Studio Solution File, Format Version 12.00
# Visual Studio Version 16
VisualStudioVersion = 16.0.29306.81
MinimumVisualStudioVersion = 10.0.40219.1
Project("{9A19103F-16F7-4668-BE54-9A1E7A4F7556}") = "FindMyUsers", "FindMyUsers\FindMyUsers.csproj", "{3620566D-35DC-4124-B5FC-988314B903E1}"
EndProject
Project("{FAE04EC0-301F-11D3-BF4B-00C04F79EFBC}") = "Tests.FindMyUsers", "Tests.FindMyUsers\Tests.FindMyUsers.csproj", "{2A0E8210-BE81-4595-86CC-E5E176EFD3BF}"
EndProject
Global
	GlobalSection(SolutionConfigurationPlatforms) = preSolution
		Debug|Any CPU = Debug|Any CPU
		Release|Any CPU = Release|Any CPU
	EndGlobalSection
	GlobalSection(ProjectConfigurationPlatforms) = postSolution
		{3620566D-35DC-4124-B5FC-988314B903E1}.Debug|Any CPU.ActiveCfg = Debug|Any CPU
		{3620566D-35DC-4124-B5FC-988314B903E1}.Debug|Any CPU.Build.0 = Debug|Any CPU
		{3620566D-35DC-4124-B5FC-988314B903E1}.Release|Any CPU.ActiveCfg = Release|Any CPU
		{3620566D-35DC-4124-B5FC-988314B903E1}.Release|Any CPU.Build.0 = Release|Any CPU
		{2A0E8210-BE81-4595-86CC-E5E176EFD3BF}.Debug|Any CPU.ActiveCfg = Debug|Any CPU
		{2A0E8210-BE81-4595-86CC-E5E176EFD3BF}.Debug|Any CPU.Build.0 = Debug|Any CPU
		{2A0E8210-BE81-4595-86CC-E5E176EFD3BF}.Release|Any CPU.ActiveCfg = Release|Any CPU
		{2A0E8210-BE81-4595-86CC-E5E176EFD3BF}.Release|Any CPU.Build.0 = Release|Any CPU
	EndGlobalSection
	GlobalSection(SolutionProperties) = preSolution
		HideSolutionNode = FALSE
	EndGlobalSection
	GlobalSection(ExtensibilityGlobals) = postSolution
		SolutionGuid = {8BAC714E-F614-46C2-854A-A6034C3E0FA9}
	EndGlobalSection
EndGlobal
